Microsoft Visual Studio Solution File, Format Version 12.00
# Visual Studio 15
VisualStudioVersion = 15.0.28307.421
MinimumVisualStudioVersion = 10.0.40219.1
Project("{FAE04EC0-301F-11D3-BF4B-00C04F79EFBC}") = "Mastering JSON", "Mastering JSON\Mastering JSON.csproj", "{2FB9D0B4-4905-486D-985A-B4800DA18F02}"
EndProject
Project("{FAE04EC0-301F-11D3-BF4B-00C04F79EFBC}") = "IPLocationTrack", "IpLocationTrack\IPLocationTrack.csproj", "{86740ECC-C8EB-4B0F-949F-129D044E287D}"
EndProject
Project("{FAE04EC0-301F-11D3-BF4B-00C04F79EFBC}") = "XMLandJSON", "XMLandJSON\XMLandJSON.csproj", "{CB711443-D7AC-4B2C-8F31-D2C711F1CA01}"
EndProject
Project("{FAE04EC0-301F-11D3-BF4B-00C04F79EFBC}") = "JsonAndBson", "JsonAndBson\JsonAndBson.csproj", "{F51A1C3E-214F-4FDB-8DDD-1038B9AE9608}"
EndProject
Global
	GlobalSection(SolutionConfigurationPlatforms) = preSolution
		Debug|Any CPU = Debug|Any CPU
		Release|Any CPU = Release|Any CPU
	EndGlobalSection
	GlobalSection(ProjectConfigurationPlatforms) = postSolution
		{2FB9D0B4-4905-486D-985A-B4800DA18F02}.Debug|Any CPU.ActiveCfg = Debug|Any CPU
		{2FB9D0B4-4905-486D-985A-B4800DA18F02}.Debug|Any CPU.Build.0 = Debug|Any CPU
		{2FB9D0B4-4905-486D-985A-B4800DA18F02}.Release|Any CPU.ActiveCfg = Release|Any CPU
		{2FB9D0B4-4905-486D-985A-B4800DA18F02}.Release|Any CPU.Build.0 = Release|Any CPU
		{86740ECC-C8EB-4B0F-949F-129D044E287D}.Debug|Any CPU.ActiveCfg = Debug|Any CPU
		{86740ECC-C8EB-4B0F-949F-129D044E287D}.Debug|Any CPU.Build.0 = Debug|Any CPU
		{86740ECC-C8EB-4B0F-949F-129D044E287D}.Release|Any CPU.ActiveCfg = Release|Any CPU
		{86740ECC-C8EB-4B0F-949F-129D044E287D}.Release|Any CPU.Build.0 = Release|Any CPU
		{CB711443-D7AC-4B2C-8F31-D2C711F1CA01}.Debug|Any CPU.ActiveCfg = Debug|Any CPU
		{CB711443-D7AC-4B2C-8F31-D2C711F1CA01}.Debug|Any CPU.Build.0 = Debug|Any CPU
		{CB711443-D7AC-4B2C-8F31-D2C711F1CA01}.Release|Any CPU.ActiveCfg = Release|Any CPU
		{CB711443-D7AC-4B2C-8F31-D2C711F1CA01}.Release|Any CPU.Build.0 = Release|Any CPU
		{F51A1C3E-214F-4FDB-8DDD-1038B9AE9608}.Debug|Any CPU.ActiveCfg = Debug|Any CPU
		{F51A1C3E-214F-4FDB-8DDD-1038B9AE9608}.Debug|Any CPU.Build.0 = Debug|Any CPU
		{F51A1C3E-214F-4FDB-8DDD-1038B9AE9608}.Release|Any CPU.ActiveCfg = Release|Any CPU
		{F51A1C3E-214F-4FDB-8DDD-1038B9AE9608}.Release|Any CPU.Build.0 = Release|Any CPU
	EndGlobalSection
	GlobalSection(SolutionProperties) = preSolution
		HideSolutionNode = FALSE
	EndGlobalSection
	GlobalSection(ExtensibilityGlobals) = postSolution
		SolutionGuid = {A0344CBD-950A-4179-89F8-6ECDC13F871B}
	EndGlobalSection
EndGlobal
